
Microsoft Visual Studio Solution File, Format Version 12.00
# Visual Studio 15
VisualStudioVersion = 15.0.26730.16
MinimumVisualStudioVersion = 10.0.40219.1
Project("{FAE04EC0-301F-11D3-BF4B-00C04F79EFBC}") = "Binding", "Binding\Binding.csproj", "{0235BFC6-263E-456B-A7B4-F83D5A071754}"
EndProject
Global
	GlobalSection(SolutionConfigurationPlatforms) = preSolution
		Debug|Any CPU = Debug|Any CPU
		Release|Any CPU = Release|Any CPU
	EndGlobalSection
	GlobalSection(ProjectConfigurationPlatforms) = postSolution
		{0235BFC6-263E-456B-A7B4-F83D5A071754}.Debug|Any CPU.ActiveCfg = Debug|Any CPU
		{0235BFC6-263E-456B-A7B4-F83D5A071754}.Debug|Any CPU.Build.0 = Debug|Any CPU
		{0235BFC6-263E-456B-A7B4-F83D5A071754}.Release|Any CPU.ActiveCfg = Release|Any CPU
		{0235BFC6-263E-456B-A7B4-F83D5A071754}.Release|Any CPU.Build.0 = Release|Any CPU
	EndGlobalSection
	GlobalSection(SolutionProperties) = preSolution
		HideSolutionNode = FALSE
	EndGlobalSection
	GlobalSection(ExtensibilityGlobals) = postSolution
		SolutionGuid = {85D08682-FDE3-4C0F-B95D-F1377EB10E49}
	EndGlobalSection
EndGlobal
