
Microsoft Visual Studio Solution File, Format Version 12.00
# Visual Studio 15
VisualStudioVersion = 15.0.26730.16
MinimumVisualStudioVersion = 10.0.40219.1
Project("{FAE04EC0-301F-11D3-BF4B-00C04F79EFBC}") = "RelativeSourceFindAncestor", "RelativeSourceFindAncestor\RelativeSourceFindAncestor.csproj", "{659C7915-2E5A-4B63-9E43-58F02ACB5E65}"
EndProject
Global
	GlobalSection(SolutionConfigurationPlatforms) = preSolution
		Debug|Any CPU = Debug|Any CPU
		Release|Any CPU = Release|Any CPU
	EndGlobalSection
	GlobalSection(ProjectConfigurationPlatforms) = postSolution
		{659C7915-2E5A-4B63-9E43-58F02ACB5E65}.Debug|Any CPU.ActiveCfg = Debug|Any CPU
		{659C7915-2E5A-4B63-9E43-58F02ACB5E65}.Debug|Any CPU.Build.0 = Debug|Any CPU
		{659C7915-2E5A-4B63-9E43-58F02ACB5E65}.Release|Any CPU.ActiveCfg = Release|Any CPU
		{659C7915-2E5A-4B63-9E43-58F02ACB5E65}.Release|Any CPU.Build.0 = Release|Any CPU
	EndGlobalSection
	GlobalSection(SolutionProperties) = preSolution
		HideSolutionNode = FALSE
	EndGlobalSection
	GlobalSection(ExtensibilityGlobals) = postSolution
		SolutionGuid = {F1F86B9A-BB17-4429-BD57-AED6A1E510F8}
	EndGlobalSection
EndGlobal
